lockfileVersion: '9.0'

settings:
  autoInstallPeers: true
  excludeLinksFromLockfile: false

importers:

  .:
    dependencies:
      '@neondatabase/serverless':
        specifier: ^1.0.0
        version: 1.2.0

packages:

  '@neondatabase/serverless@1.2.0':
    resolution: {integrity: sha512-tnaqgixUengZQNd9ZrS3ytQfamJzLKY8QxgqWQTNHHtB+KrFQWk77JTbbpg4RD+J3qE4eO2lVytvGDX5Kj6FdQ==}
    engines: {node: '>=19.0.0'}

snapshots:

  '@neondatabase/serverless@1.2.0': {}
